# This file is automatically @generated by Cargo.
# It is not intended for manual editing.
version = 4

[[package]]
name = "asm-rust"
version = "0.1.0"
dependencies = [
 "target",
]

[[package]]
name = "target"
version = "2.1.0"
source = "registry+https://github.com/rust-lang/crates.io-index"
checksum = "1e8f05f774b2db35bdad5a8237a90be1102669f8ea013fea9777b366d34ab145"
